
Microsoft Visual Studio Solution File, Format Version 12.00
# Visual Studio Version 16
VisualStudioVersion = 16.0.30517.126
MinimumVisualStudioVersion = 10.0.40219.1
Project("{9A19103F-16F7-4668-BE54-9A1E7A4F7556}") = "DanganronpaREST", "DanganronpaREST\DanganronpaREST.csproj", "{CBA58525-B55C-4BA8-AF37-01CCE5D7DB36}"
EndProject
Project("{9A19103F-16F7-4668-BE54-9A1E7A4F7556}") = "ConsumeDanganronpa", "ConsumeDanganronpa\ConsumeDanganronpa.csproj", "{EB743F3E-C672-477A-BAB0-77411F22B080}"
EndProject
Project("{9A19103F-16F7-4668-BE54-9A1E7A4F7556}") = "TestDanganronpaCharacters", "TestDanganronpaCharacters\TestDanganronpaCharacters.csproj", "{6AE53577-D2C6-470B-BAAB-A424C44E1FA8}"
EndProject
Project("{FAE04EC0-301F-11D3-BF4B-00C04F79EFBC}") = "TcpServer", "TcpServer\TcpServer.csproj", "{7D68A534-9195-4B21-BCFF-C91AE33F17B4}"
EndProject
Global
	GlobalSection(SolutionConfigurationPlatforms) = preSolution
		Debug|Any CPU = Debug|Any CPU
		Release|Any CPU = Release|Any CPU
	EndGlobalSection
	GlobalSection(ProjectConfigurationPlatforms) = postSolution
		{CBA58525-B55C-4BA8-AF37-01CCE5D7DB36}.Debug|Any CPU.ActiveCfg = Debug|Any CPU
		{CBA58525-B55C-4BA8-AF37-01CCE5D7DB36}.Debug|Any CPU.Build.0 = Debug|Any CPU
		{CBA58525-B55C-4BA8-AF37-01CCE5D7DB36}.Release|Any CPU.ActiveCfg = Release|Any CPU
		{CBA58525-B55C-4BA8-AF37-01CCE5D7DB36}.Release|Any CPU.Build.0 = Release|Any CPU
		{EB743F3E-C672-477A-BAB0-77411F22B080}.Debug|Any CPU.ActiveCfg = Debug|Any CPU
		{EB743F3E-C672-477A-BAB0-77411F22B080}.Debug|Any CPU.Build.0 = Debug|Any CPU
		{EB743F3E-C672-477A-BAB0-77411F22B080}.Release|Any CPU.ActiveCfg = Release|Any CPU
		{EB743F3E-C672-477A-BAB0-77411F22B080}.Release|Any CPU.Build.0 = Release|Any CPU
		{6AE53577-D2C6-470B-BAAB-A424C44E1FA8}.Debug|Any CPU.ActiveCfg = Debug|Any CPU
		{6AE53577-D2C6-470B-BAAB-A424C44E1FA8}.Debug|Any CPU.Build.0 = Debug|Any CPU
		{6AE53577-D2C6-470B-BAAB-A424C44E1FA8}.Release|Any CPU.ActiveCfg = Release|Any CPU
		{6AE53577-D2C6-470B-BAAB-A424C44E1FA8}.Release|Any CPU.Build.0 = Release|Any CPU
		{7D68A534-9195-4B21-BCFF-C91AE33F17B4}.Debug|Any CPU.ActiveCfg = Debug|Any CPU
		{7D68A534-9195-4B21-BCFF-C91AE33F17B4}.Debug|Any CPU.Build.0 = Debug|Any CPU
		{7D68A534-9195-4B21-BCFF-C91AE33F17B4}.Release|Any CPU.ActiveCfg = Release|Any CPU
		{7D68A534-9195-4B21-BCFF-C91AE33F17B4}.Release|Any CPU.Build.0 = Release|Any CPU
	EndGlobalSection
	GlobalSection(SolutionProperties) = preSolution
		HideSolutionNode = FALSE
	EndGlobalSection
	GlobalSection(ExtensibilityGlobals) = postSolution
		SolutionGuid = {A1B9A856-394B-4DB5-A216-06948E4EFBA0}
	EndGlobalSection
EndGlobal
